{
  "requires": true,
  "lockfileVersion": 1,
  "dependencies": {
    "typeface-bungee": {
      "version": "1.1.13",
      "resolved": "https://registry.npmjs.org/typeface-bungee/-/typeface-bungee-1.1.13.tgz",
      "integrity": "sha512-kmRsa0x1u9wIeps0QPZijpx18WLN+tXdR3N+IWAULZho5e2VMJ6PdNpI41pBPJDr4AFlV+5m23zArMjiK8DJ8Q=="
    }
  }
}
